{
  "name": "tcomb-additional-types",
  "version": "0.0.1",
  "lockfileVersion": 1,
  "requires": true,
  "dependencies": {
    "tcomb": {
      "version": "3.2.22",
      "resolved": "https://registry.npmjs.org/tcomb/-/tcomb-3.2.22.tgz",
      "integrity": "sha512-/e7XkvYEd5FMeH283cjEXrLCaQGR9pI9QlAiMTMJTfs5J9Ba9MlA2pmbG5JUOjCaisVB/CJGyJm/ixuyzJAc5A=="
    },
    "validator": {
      "version": "8.0.0",
      "resolved": "https://registry.npmjs.org/validator/-/validator-8.0.0.tgz",
      "integrity": "sha512-ni6X82obaR98FomBC8M/IF01u7d8WBjNhadxDDo+xGHGSfbTug1IS0j1zaoViYWQaMMFVfz40UhYxgs3dzvnZg=="
    }
  }
}
